{
  "requires": true,
  "lockfileVersion": 1,
  "dependencies": {
    "@concentricsky/badgr-style": {
      "version": "15.0.5",
      "resolved": "https://registry.npmjs.org/@concentricsky/badgr-style/-/badgr-style-15.0.5.tgz",
      "integrity": "sha512-Orf03ZM+4zxOnLOk+/WYYC3yPcdbXUvOiKwTkfRpG3khe3HRNInRO/pAZi/jdBISISB51yCxCrymRDm0v2u4mA=="
    }
  }
}
